{
  "name": "CopilotCLI",
  "lockfileVersion": 3,
  "requires": true,
  "packages": {
    "": {
      "dependencies": {
        "@agentclientprotocol/sdk": "^1.4.0"
      }
    },
    "node_modules/@agentclientprotocol/sdk": {
      "version": "1.4.0",
      "resolved": "https://registry.npmjs.org/@agentclientprotocol/sdk/-/sdk-1.4.0.tgz",
      "integrity": "sha512-/eufudw+aFY1LKLolT6yFE6UMmYRl7fMJ/DEONSIyR6wI3slHWITBsANRGqXEY8FRzqUxwh7QEaGiZHcJPVThg==",
      "peerDependencies": {
        "zod": "^3.25.0 || ^4.0.0"
      }
    },
    "node_modules/zod": {
      "version": "4.5.4",
      "resolved": "https://registry.npmjs.org/zod/-/zod-4.5.4.tgz",
      "integrity": "sha512-sC95tT5iHHH9gtpj6A81kh+NEaRAUFN+qlUPDUbRfOMvNf5QCBqsb3WgvnpVtK5Y+4UfA6KqufotuTvMGiTlsA==",
      "peer": true,
      "funding": {
        "url": "https://github.com/sponsors/colinhacks"
      }
    }
  }
}
